
Microsoft Visual Studio Solution File, Format Version 12.00
# Visual Studio Version 17
VisualStudioVersion = 17.14.36603.0 d17.14
MinimumVisualStudioVersion = 10.0.40219.1
Project("{FAE04EC0-301F-11D3-BF4B-00C04F79EFBC}") = "Efarming_Sustainability.App", "Efarming_Sustainability.App.csproj", "{414E5AAD-975C-4BE0-835D-577C1B712B6F}"
EndProject
Project("{FAE04EC0-301F-11D3-BF4B-00C04F79EFBC}") = "Efarming_Sustainability.Core", "..\Efarming_Sustainability\Efarming_Sustainability.Core\Efarming_Sustainability.Core.csproj", "{1B7A6EC3-C724-F110-351F-1DDA7E85FE85}"
EndProject
Global
	GlobalSection(SolutionConfigurationPlatforms) = preSolution
		Debug|Any CPU = Debug|Any CPU
		Release|Any CPU = Release|Any CPU
	EndGlobalSection
	GlobalSection(ProjectConfigurationPlatforms) = postSolution
		{414E5AAD-975C-4BE0-835D-577C1B712B6F}.Debug|Any CPU.ActiveCfg = Debug|Any CPU
		{414E5AAD-975C-4BE0-835D-577C1B712B6F}.Debug|Any CPU.Build.0 = Debug|Any CPU
		{414E5AAD-975C-4BE0-835D-577C1B712B6F}.Debug|Any CPU.Deploy.0 = Debug|Any CPU
		{414E5AAD-975C-4BE0-835D-577C1B712B6F}.Release|Any CPU.ActiveCfg = Release|Any CPU
		{414E5AAD-975C-4BE0-835D-577C1B712B6F}.Release|Any CPU.Build.0 = Release|Any CPU
		{1B7A6EC3-C724-F110-351F-1DDA7E85FE85}.Debug|Any CPU.ActiveCfg = Debug|Any CPU
		{1B7A6EC3-C724-F110-351F-1DDA7E85FE85}.Debug|Any CPU.Build.0 = Debug|Any CPU
		{1B7A6EC3-C724-F110-351F-1DDA7E85FE85}.Release|Any CPU.ActiveCfg = Release|Any CPU
		{1B7A6EC3-C724-F110-351F-1DDA7E85FE85}.Release|Any CPU.Build.0 = Release|Any CPU
	EndGlobalSection
	GlobalSection(SolutionProperties) = preSolution
		HideSolutionNode = FALSE
	EndGlobalSection
	GlobalSection(ExtensibilityGlobals) = postSolution
		SolutionGuid = {72F1280A-AF68-4532-B76E-84AAC6BCB3C0}
	EndGlobalSection
EndGlobal
